// !$*UTF8*$!
{
	archiveVersion = 1;
	classes = {
	};
	objectVersion = 50;
	objects = {

/* Begin PBXBuildFile section */
		255709982499D8030056AAF3 /* AppDelegate.swift in Sources */ = {isa = PBXBuildFile; fileRef = 255709972499D8030056AAF3 /* AppDelegate.swift */; };
		2557099A2499D8030056AAF3 /* SceneDelegate.swift in Sources */ = {isa = PBXBuildFile; fileRef = 255709992499D8030056AAF3 /* SceneDelegate.swift */; };
		2557099C2499D8030056AAF3 /* ViewController.swift in Sources */ = {isa = PBXBuildFile; fileRef = 2557099B2499D8030056AAF3 /* ViewController.swift */; };
		2557099F2499D8040056AAF3 /* Main.storyboard in Resources */ = {isa = PBXBuildFile; fileRef = 2557099D2499D8040056AAF3 /* Main.storyboard */; };
		255709A12499D8090056AAF3 /* Assets.xcassets in Resources */ = {isa = PBXBuildFile; fileRef = 255709A02499D8090056AAF3 /* Assets.xcassets */; };
		255709A42499D8090056AAF3 /* LaunchScreen.storyboard in Resources */ = {isa = PBXBuildFile; fileRef = 255709A22499D8090056AAF3 /* LaunchScreen.storyboard */; };
		255709B12499D93C0056AAF3 /* CellViewTable.swift in Sources */ = {isa = PBXBuildFile; fileRef = 255709B02499D93C0056AAF3 /* CellViewTable.swift */; };
		255709B32499D9690056AAF3 /* ViewSexo.swift in Sources */ = {isa = PBXBuildFile; fileRef = 255709B22499D9690056AAF3 /* ViewSexo.swift */; };
		255709B52499D9840056AAF3 /* ViewTelefono.swift in Sources */ = {isa = PBXBuildFile; fileRef = 255709B42499D9840056AAF3 /* ViewTelefono.swift */; };
		255709B72499D99A0056AAF3 /* ViewColores.swift in Sources */ = {isa = PBXBuildFile; fileRef = 255709B62499D99A0056AAF3 /* ViewColores.swift */; };
		255709B92499D9B70056AAF3 /* ViewCamara.swift in Sources */ = {isa = PBXBuildFile; fileRef = 255709B82499D9B70056AAF3 /* ViewCamara.swift */; };
		255709BB2499D9DF0056AAF3 /* ViewFoto.swift in Sources */ = {isa = PBXBuildFile; fileRef = 255709BA2499D9DF0056AAF3 /* ViewFoto.swift */; };
		255709BD2499D9FD0056AAF3 /* ViewNombre.swift in Sources */ = {isa = PBXBuildFile; fileRef = 255709BC2499D9FD0056AAF3 /* ViewNombre.swift */; };
		255709BF2499DA140056AAF3 /* ViewFecha.swift in Sources */ = {isa = PBXBuildFile; fileRef = 255709BE2499DA140056AAF3 /* ViewFecha.swift */; };
		255709C12499DA3E0056AAF3 /* Extensiones.swift in Sources */ = {isa = PBXBuildFile; fileRef = 255709C02499DA3E0056AAF3 /* Extensiones.swift */; };
		255709C32499DA600056AAF3 /* AllClasesStr.swift in Sources */ = {isa = PBXBuildFile; fileRef = 255709C22499DA600056AAF3 /* AllClasesStr.swift */; };
		255709C52499DAB00056AAF3 /* iconProfilePdf.pdf in Resources */ = {isa = PBXBuildFile; fileRef = 255709C42499DAB00056AAF3 /* iconProfilePdf.pdf */; };
/* End PBXBuildFile section */

/* Begin PBXFileReference section */
		255709942499D8030056AAF3 /* ChallengeExamTableView.app */ = {isa = PBXFileReference; explicitFileType = wrapper.application; includeInIndex = 0; path = ChallengeExamTableView.app; sourceTree = BUILT_PRODUCTS_DIR; };
		255709972499D8030056AAF3 /* AppDelegate.swift */ = {isa = PBXFileReference; lastKnownFileType = sourcecode.swift; path = AppDelegate.swift; sourceTree = "<group>"; };
		255709992499D8030056AAF3 /* SceneDelegate.swift */ = {isa = PBXFileReference; lastKnownFileType = sourcecode.swift; path = SceneDelegate.swift; sourceTree = "<group>"; };
		2557099B2499D8030056AAF3 /* ViewController.swift */ = {isa = PBXFileReference; lastKnownFileType = sourcecode.swift; path = ViewController.swift; sourceTree = "<group>"; };
		2557099E2499D8040056AAF3 /* Base */ = {isa = PBXFileReference; lastKnownFileType = file.storyboard; name = Base; path = Base.lproj/Main.storyboard; sourceTree = "<group>"; };
		255709A02499D8090056AAF3 /* Assets.xcassets */ = {isa = PBXFileReference; lastKnownFileType = folder.assetcatalog; path = Assets.xcassets; sourceTree = "<group>"; };
		255709A32499D8090056AAF3 /* Base */ = {isa = PBXFileReference; lastKnownFileType = file.storyboard; name = Base; path = Base.lproj/LaunchScreen.storyboard; sourceTree = "<group>"; };
		255709A52499D8090056AAF3 /* Info.plist */ = {isa = PBXFileReference; lastKnownFileType = text.plist.xml; path = Info.plist; sourceTree = "<group>"; };
		255709B02499D93C0056AAF3 /* CellViewTable.swift */ = {isa = PBXFileReference; lastKnownFileType = sourcecode.swift; path = CellViewTable.swift; sourceTree = "<group>"; };
		255709B22499D9690056AAF3 /* ViewSexo.swift */ = {isa = PBXFileReference; lastKnownFileType = sourcecode.swift; path = ViewSexo.swift; sourceTree = "<group>"; };
		255709B42499D9840056AAF3 /* ViewTelefono.swift */ = {isa = PBXFileReference; lastKnownFileType = sourcecode.swift; path = ViewTelefono.swift; sourceTree = "<group>"; };
		255709B62499D99A0056AAF3 /* ViewColores.swift */ = {isa = PBXFileReference; lastKnownFileType = sourcecode.swift; path = ViewColores.swift; sourceTree = "<group>"; };
		255709B82499D9B70056AAF3 /* ViewCamara.swift */ = {isa = PBXFileReference; lastKnownFileType = sourcecode.swift; path = ViewCamara.swift; sourceTree = "<group>"; };
		255709BA2499D9DF0056AAF3 /* ViewFoto.swift */ = {isa = PBXFileReference; lastKnownFileType = sourcecode.swift; path = ViewFoto.swift; sourceTree = "<group>"; };
		255709BC2499D9FD0056AAF3 /* ViewNombre.swift */ = {isa = PBXFileReference; lastKnownFileType = sourcecode.swift; path = ViewNombre.swift; sourceTree = "<group>"; };
		255709BE2499DA140056AAF3 /* ViewFecha.swift */ = {isa = PBXFileReference; lastKnownFileType = sourcecode.swift; path = ViewFecha.swift; sourceTree = "<group>"; };
		255709C02499DA3E0056AAF3 /* Extensiones.swift */ = {isa = PBXFileReference; lastKnownFileType = sourcecode.swift; path = Extensiones.swift; sourceTree = "<group>"; };
		255709C22499DA600056AAF3 /* AllClasesStr.swift */ = {isa = PBXFileReference; lastKnownFileType = sourcecode.swift; path = AllClasesStr.swift; sourceTree = "<group>"; };
		255709C42499DAB00056AAF3 /* iconProfilePdf.pdf */ = {isa = PBXFileReference; lastKnownFileType = image.pdf; path = iconProfilePdf.pdf; sourceTree = "<group>"; };
/* End PBXFileReference section */

/* Begin PBXFrameworksBuildPhase section */
		255709912499D8030056AAF3 /* Frameworks */ = {
			isa = PBXFrameworksBuildPhase;
			buildActionMask = 2147483647;
			files = (
			);
			runOnlyForDeploymentPostprocessing = 0;
		};
/* End PBXFrameworksBuildPhase section */

/* Begin PBXGroup section */
		2557098B2499D8030056AAF3 = {
			isa = PBXGroup;
			children = (
				255709962499D8030056AAF3 /* ChallengeExamTableView */,
				255709952499D8030056AAF3 /* Products */,
			);
			sourceTree = "<group>";
		};
		255709952499D8030056AAF3 /* Products */ = {
			isa = PBXGroup;
			children = (
				255709942499D8030056AAF3 /* ChallengeExamTableView.app */,
			);
			name = Products;
			sourceTree = "<group>";
		};
		255709962499D8030056AAF3 /* ChallengeExamTableView */ = {
			isa = PBXGroup;
			children = (
				255709AE2499D87A0056AAF3 /* View */,
				255709AD2499D8600056AAF3 /* Model */,
				255709AC2499D8560056AAF3 /* Presenter */,
				255709AB2499D8480056AAF3 /* Utils */,
				255709972499D8030056AAF3 /* AppDelegate.swift */,
				255709992499D8030056AAF3 /* SceneDelegate.swift */,
				255709C42499DAB00056AAF3 /* iconProfilePdf.pdf */,
				2557099D2499D8040056AAF3 /* Main.storyboard */,
				255709A02499D8090056AAF3 /* Assets.xcassets */,
				255709A22499D8090056AAF3 /* LaunchScreen.storyboard */,
				255709A52499D8090056AAF3 /* Info.plist */,
			);
			path = ChallengeExamTableView;
			sourceTree = "<group>";
		};
		255709AB2499D8480056AAF3 /* Utils */ = {
			isa = PBXGroup;
			children = (
				255709C02499DA3E0056AAF3 /* Extensiones.swift */,
				255709C22499DA600056AAF3 /* AllClasesStr.swift */,
			);
			path = Utils;
			sourceTree = "<group>";
		};
		255709AC2499D8560056AAF3 /* Presenter */ = {
			isa = PBXGroup;
			children = (
			);
			path = Presenter;
			sourceTree = "<group>";
		};
		255709AD2499D8600056AAF3 /* Model */ = {
			isa = PBXGroup;
			children = (
				255709B22499D9690056AAF3 /* ViewSexo.swift */,
				255709B42499D9840056AAF3 /* ViewTelefono.swift */,
				255709B62499D99A0056AAF3 /* ViewColores.swift */,
				255709B82499D9B70056AAF3 /* ViewCamara.swift */,
				255709BA2499D9DF0056AAF3 /* ViewFoto.swift */,
				255709BC2499D9FD0056AAF3 /* ViewNombre.swift */,
				255709BE2499DA140056AAF3 /* ViewFecha.swift */,
			);
			path = Model;
			sourceTree = "<group>";
		};
		255709AE2499D87A0056AAF3 /* View */ = {
			isa = PBXGroup;
			children = (
				255709AF2499D8900056AAF3 /* TableVIewPrincipal */,
			);
			path = View;
			sourceTree = "<group>";
		};
		255709AF2499D8900056AAF3 /* TableVIewPrincipal */ = {
			isa = PBXGroup;
			children = (
				2557099B2499D8030056AAF3 /* ViewController.swift */,
				255709B02499D93C0056AAF3 /* CellViewTable.swift */,
			);
			path = TableVIewPrincipal;
			sourceTree = "<group>";
		};
/* End PBXGroup section */

/* Begin PBXNativeTarget section */
		255709932499D8030056AAF3 /* ChallengeExamTableView */ = {
			isa = PBXNativeTarget;
			buildConfigurationList = 255709A82499D8090056AAF3 /* Build configuration list for PBXNativeTarget "ChallengeExamTableView" */;
			buildPhases = (
				255709902499D8030056AAF3 /* Sources */,
				255709912499D8030056AAF3 /* Frameworks */,
				255709922499D8030056AAF3 /* Resources */,
			);
			buildRules = (
			);
			dependencies = (
			);
			name = ChallengeExamTableView;
			productName = ChallengeExamTableView;
			productReference = 255709942499D8030056AAF3 /* ChallengeExamTableView.app */;
			productType = "com.apple.product-type.application";
		};
/* End PBXNativeTarget section */

/* Begin PBXProject section */
		2557098C2499D8030056AAF3 /* Project object */ = {
			isa = PBXProject;
			attributes = {
				LastSwiftUpdateCheck = 1130;
				LastUpgradeCheck = 1130;
				ORGANIZATIONNAME = challengeTableView;
				TargetAttributes = {
					255709932499D8030056AAF3 = {
						CreatedOnToolsVersion = 11.3.1;
					};
				};
			};
			buildConfigurationList = 2557098F2499D8030056AAF3 /* Build configuration list for PBXProject "ChallengeExamTableView" */;
			compatibilityVersion = "Xcode 9.3";
			developmentRegion = en;
			hasScannedForEncodings = 0;
			knownRegions = (
				en,
				Base,
			);
			mainGroup = 2557098B2499D8030056AAF3;
			productRefGroup = 255709952499D8030056AAF3 /* Products */;
			projectDirPath = "";
			projectRoot = "";
			targets = (
				255709932499D8030056AAF3 /* ChallengeExamTableView */,
			);
		};
/* End PBXProject section */

/* Begin PBXResourcesBuildPhase section */
		255709922499D8030056AAF3 /* Resources */ = {
			isa = PBXResourcesBuildPhase;
			buildActionMask = 2147483647;
			files = (
				255709A42499D8090056AAF3 /* LaunchScreen.storyboard in Resources */,
				255709A12499D8090056AAF3 /* Assets.xcassets in Resources */,
				255709C52499DAB00056AAF3 /* iconProfilePdf.pdf in Resources */,
				2557099F2499D8040056AAF3 /* Main.storyboard in Resources */,
			);
			runOnlyForDeploymentPostprocessing = 0;
		};
/* End PBXResourcesBuildPhase section */

/* Begin PBXSourcesBuildPhase section */
		255709902499D8030056AAF3 /* Sources */ = {
			isa = PBXSourcesBuildPhase;
			buildActionMask = 2147483647;
			files = (
				2557099C2499D8030056AAF3 /* ViewController.swift in Sources */,
				255709B12499D93C0056AAF3 /* CellViewTable.swift in Sources */,
				255709B52499D9840056AAF3 /* ViewTelefono.swift in Sources */,
				255709B92499D9B70056AAF3 /* ViewCamara.swift in Sources */,
				255709C32499DA600056AAF3 /* AllClasesStr.swift in Sources */,
				255709B72499D99A0056AAF3 /* ViewColores.swift in Sources */,
				255709BD2499D9FD0056AAF3 /* ViewNombre.swift in Sources */,
				255709982499D8030056AAF3 /* AppDelegate.swift in Sources */,
				255709B32499D9690056AAF3 /* ViewSexo.swift in Sources */,
				2557099A2499D8030056AAF3 /* SceneDelegate.swift in Sources */,
				255709C12499DA3E0056AAF3 /* Extensiones.swift in Sources */,
				255709BF2499DA140056AAF3 /* ViewFecha.swift in Sources */,
				255709BB2499D9DF0056AAF3 /* ViewFoto.swift in Sources */,
			);
			runOnlyForDeploymentPostprocessing = 0;
		};
/* End PBXSourcesBuildPhase section */

/* Begin PBXVariantGroup section */
		2557099D2499D8040056AAF3 /* Main.storyboard */ = {
			isa = PBXVariantGroup;
			children = (
				2557099E2499D8040056AAF3 /* Base */,
			);
			name = Main.storyboard;
			sourceTree = "<group>";
		};
		255709A22499D8090056AAF3 /* LaunchScreen.storyboard */ = {
			isa = PBXVariantGroup;
			children = (
				255709A32499D8090056AAF3 /* Base */,
			);
			name = LaunchScreen.storyboard;
			sourceTree = "<group>";
		};
/* End PBXVariantGroup section */

/* Begin XCBuildConfiguration section */
		255709A62499D8090056AAF3 /* Debug */ = {
			isa = XCBuildConfiguration;
			buildSettings = {
				ALWAYS_SEARCH_USER_PATHS = NO;
				CLANG_ANALYZER_NONNULL = YES;
				CLANG_ANALYZER_NUMBER_OBJECT_CONVERSION = YES_AGGRESSIVE;
				CLANG_CXX_LANGUAGE_STANDARD = "gnu++14";
				CLANG_CXX_LIBRARY = "libc++";
				CLANG_ENABLE_MODULES = YES;
				CLANG_ENABLE_OBJC_ARC = YES;
				CLANG_ENABLE_OBJC_WEAK = YES;
				CLANG_WARN_BLOCK_CAPTURE_AUTORELEASING = YES;
				CLANG_WARN_BOOL_CONVERSION = YES;
				CLANG_WARN_COMMA = YES;
				CLANG_WARN_CONSTANT_CONVERSION = YES;
				CLANG_WARN_DEPRECATED_OBJC_IMPLEMENTATIONS = YES;
				CLANG_WARN_DIRECT_OBJC_ISA_USAGE = YES_ERROR;
				CLANG_WARN_DOCUMENTATION_COMMENTS = YES;
				CLANG_WARN_EMPTY_BODY = YES;
				CLANG_WARN_ENUM_CONVERSION = YES;
				CLANG_WARN_INFINITE_RECURSION = YES;
				CLANG_WARN_INT_CONVERSION = YES;
				CLANG_WARN_NON_LITERAL_NULL_CONVERSION = YES;
				CLANG_WARN_OBJC_IMPLICIT_RETAIN_SELF = YES;
				CLANG_WARN_OBJC_LITERAL_CONVERSION = YES;
				CLANG_WARN_OBJC_ROOT_CLASS = YES_ERROR;
				CLANG_WARN_RANGE_LOOP_ANALYSIS = YES;
				CLANG_WARN_STRICT_PROTOTYPES = YES;
				CLANG_WARN_SUSPICIOUS_MOVE = YES;
				CLANG_WARN_UNGUARDED_AVAILABILITY = YES_AGGRESSIVE;
				CLANG_WARN_UNREACHABLE_CODE = YES;
				CLANG_WARN__DUPLICATE_METHOD_MATCH = YES;
				COPY_PHASE_STRIP = NO;
				DEBUG_INFORMATION_FORMAT = dwarf;
				ENABLE_STRICT_OBJC_MSGSEND = YES;
				ENABLE_TESTABILITY = YES;
				GCC_C_LANGUAGE_STANDARD = gnu11;
				GCC_DYNAMIC_NO_PIC = NO;
				GCC_NO_COMMON_BLOCKS = YES;
				GCC_OPTIMIZATION_LEVEL = 0;
				GCC_PREPROCESSOR_DEFINITIONS = (
					"DEBUG=1",
					"$(inherited)",
				);
				GCC_WARN_64_TO_32_BIT_CONVERSION = YES;
				GCC_WARN_ABOUT_RETURN_TYPE = YES_ERROR;
				GCC_WARN_UNDECLARED_SELECTOR = YES;
				GCC_WARN_UNINITIALIZED_AUTOS = YES_AGGRESSIVE;
				GCC_WARN_UNUSED_FUNCTION = YES;
				GCC_WARN_UNUSED_VARIABLE = YES;
				IPHONEOS_DEPLOYMENT_TARGET = 13.2;
				MTL_ENABLE_DEBUG_INFO = INCLUDE_SOURCE;
				MTL_FAST_MATH = YES;
				ONLY_ACTIVE_ARCH = YES;
				SDKROOT = iphoneos;
				SWIFT_ACTIVE_COMPILATION_CONDITIONS = DEBUG;
				SWIFT_OPTIMIZATION_LEVEL = "-Onone";
			};
			name = Debug;
		};
		255709A72499D8090056AAF3 /* Release */ = {
			isa = XCBuildConfiguration;
			buildSettings = {
				ALWAYS_SEARCH_USER_PATHS = NO;
				CLANG_ANALYZER_NONNULL = YES;
				CLANG_ANALYZER_NUMBER_OBJECT_CONVERSION = YES_AGGRESSIVE;
				CLANG_CXX_LANGUAGE_STANDARD = "gnu++14";
				CLANG_CXX_LIBRARY = "libc++";
				CLANG_ENABLE_MODULES = YES;
				CLANG_ENABLE_OBJC_ARC = YES;
				CLANG_ENABLE_OBJC_WEAK = YES;
				CLANG_WARN_BLOCK_CAPTURE_AUTORELEASING = YES;
				CLANG_WARN_BOOL_CONVERSION = YES;
				CLANG_WARN_COMMA = YES;
				CLANG_WARN_CONSTANT_CONVERSION = YES;
				CLANG_WARN_DEPRECATED_OBJC_IMPLEMENTATIONS = YES;
				CLANG_WARN_DIRECT_OBJC_ISA_USAGE = YES_ERROR;
				CLANG_WARN_DOCUMENTATION_COMMENTS = YES;
				CLANG_WARN_EMPTY_BODY = YES;
				CLANG_WARN_ENUM_CONVERSION = YES;
				CLANG_WARN_INFINITE_RECURSION = YES;
				CLANG_WARN_INT_CONVERSION = YES;
				CLANG_WARN_NON_LITERAL_NULL_CONVERSION = YES;
				CLANG_WARN_OBJC_IMPLICIT_RETAIN_SELF = YES;
				CLANG_WARN_OBJC_LITERAL_CONVERSION = YES;
				CLANG_WARN_OBJC_ROOT_CLASS = YES_ERROR;
				CLANG_WARN_RANGE_LOOP_ANALYSIS = YES;
				CLANG_WARN_STRICT_PROTOTYPES = YES;
				CLANG_WARN_SUSPICIOUS_MOVE = YES;
				CLANG_WARN_UNGUARDED_AVAILABILITY = YES_AGGRESSIVE;
				CLANG_WARN_UNREACHABLE_CODE = YES;
				CLANG_WARN__DUPLICATE_METHOD_MATCH = YES;
				COPY_PHASE_STRIP = NO;
				DEBUG_INFORMATION_FORMAT = "dwarf-with-dsym";
				ENABLE_NS_ASSERTIONS = NO;
				ENABLE_STRICT_OBJC_MSGSEND = YES;
				GCC_C_LANGUAGE_STANDARD = gnu11;
				GCC_NO_COMMON_BLOCKS = YES;
				GCC_WARN_64_TO_32_BIT_CONVERSION = YES;
				GCC_WARN_ABOUT_RETURN_TYPE = YES_ERROR;
				GCC_WARN_UNDECLARED_SELECTOR = YES;
				GCC_WARN_UNINITIALIZED_AUTOS = YES_AGGRESSIVE;
				GCC_WARN_UNUSED_FUNCTION = YES;
				GCC_WARN_UNUSED_VARIABLE = YES;
				IPHONEOS_DEPLOYMENT_TARGET = 13.2;
				MTL_ENABLE_DEBUG_INFO = NO;
				MTL_FAST_MATH = YES;
				SDKROOT = iphoneos;
				SWIFT_COMPILATION_MODE = wholemodule;
				SWIFT_OPTIMIZATION_LEVEL = "-O";
				VALIDATE_PRODUCT = YES;
			};
			name = Release;
		};
		255709A92499D8090056AAF3 /* Debug */ = {
			isa = XCBuildConfiguration;
			buildSettings = {
				ASSETCATALOG_COMPILER_APPICON_NAME = AppIcon;
				CODE_SIGN_STYLE = Automatic;
				DEVELOPMENT_TEAM = FNT5C79823;
				INFOPLIST_FILE = ChallengeExamTableView/Info.plist;
				LD_RUNPATH_SEARCH_PATHS = (
					"$(inherited)",
					"@executable_path/Frameworks",
				);
				PRODUCT_BUNDLE_IDENTIFIER = challengeTableView.ChallengeExamTableView;
				PRODUCT_NAME = "$(TARGET_NAME)";
				SWIFT_VERSION = 5.0;
				TARGETED_DEVICE_FAMILY = 1;
			};
			name = Debug;
		};
		255709AA2499D8090056AAF3 /* Release */ = {
			isa = XCBuildConfiguration;
			buildSettings = {
				ASSETCATALOG_COMPILER_APPICON_NAME = AppIcon;
				CODE_SIGN_STYLE = Automatic;
				DEVELOPMENT_TEAM = FNT5C79823;
				INFOPLIST_FILE = ChallengeExamTableView/Info.plist;
				LD_RUNPATH_SEARCH_PATHS = (
					"$(inherited)",
					"@executable_path/Frameworks",
				);
				PRODUCT_BUNDLE_IDENTIFIER = challengeTableView.ChallengeExamTableView;
				PRODUCT_NAME = "$(TARGET_NAME)";
				SWIFT_VERSION = 5.0;
				TARGETED_DEVICE_FAMILY = 1;
			};
			name = Release;
		};
/* End XCBuildConfiguration section */

/* Begin XCConfigurationList section */
		2557098F2499D8030056AAF3 /* Build configuration list for PBXProject "ChallengeExamTableView" */ = {
			isa = XCConfigurationList;
			buildConfigurations = (
				255709A62499D8090056AAF3 /* Debug */,
				255709A72499D8090056AAF3 /* Release */,
			);
			defaultConfigurationIsVisible = 0;
			defaultConfigurationName = Release;
		};
		255709A82499D8090056AAF3 /* Build configuration list for PBXNativeTarget "ChallengeExamTableView" */ = {
			isa = XCConfigurationList;
			buildConfigurations = (
				255709A92499D8090056AAF3 /* Debug */,
				255709AA2499D8090056AAF3 /* Release */,
			);
			defaultConfigurationIsVisible = 0;
			defaultConfigurationName = Release;
		};
/* End XCConfigurationList section */
	};
	rootObject = 2557098C2499D8030056AAF3 /* Project object */;
}
